
Microsoft Visual Studio Solution File, Format Version 12.00
# Visual Studio 15
VisualStudioVersion = 15.0.28307.852
MinimumVisualStudioVersion = 10.0.40219.1
Project("{2150E333-8FDC-42A3-9474-1A3956D46DE8}") = "01", "01", "{D0BC88A1-91D3-49CD-A1CB-EFF8D4A3CFC3}"
EndProject
Project("{9A19103F-16F7-4668-BE54-9A1E7A4F7556}") = "01-ConsoleApp", "01\01-ConsoleApp\01-ConsoleApp.csproj", "{630B4DFD-1ADE-4A70-B581-02170CE5698F}"
EndProject
Project("{9A19103F-16F7-4668-BE54-9A1E7A4F7556}") = "02-ConsoleApp-DI", "01\02-ConsoleApp-DI\02-ConsoleApp-DI.csproj", "{D7E409EC-D9E7-422D-9490-B29BC2A68D7F}"
EndProject
Project("{2150E333-8FDC-42A3-9474-1A3956D46DE8}") = "00", "00", "{4981A353-1E91-4F1C-91F3-B1076E6BB40B}"
EndProject
Project("{9A19103F-16F7-4668-BE54-9A1E7A4F7556}") = "ConsoleApp.Calculadora", "00\ConsoleApp.Calculadora\ConsoleApp.Calculadora.csproj", "{DA714859-F179-422D-8562-18853727A625}"
EndProject
Project("{9A19103F-16F7-4668-BE54-9A1E7A4F7556}") = "Calculadora.Domain", "00\Calculadora.Domain\Calculadora.Domain.csproj", "{970B6885-C8F2-4634-A274-9ADF79482649}"
EndProject
Project("{9A19103F-16F7-4668-BE54-9A1E7A4F7556}") = "ConsoleApp.Automovel", "00\ConsoleApp.Automovel\ConsoleApp.Automovel.csproj", "{175849EA-E69A-4707-8139-A739AF56DC5E}"
EndProject
Project("{9A19103F-16F7-4668-BE54-9A1E7A4F7556}") = "Basico", "00\Basico\Basico.csproj", "{99EA45EF-0506-4974-9F0B-67D6C382896F}"
EndProject
Project("{9A19103F-16F7-4668-BE54-9A1E7A4F7556}") = "Basico02", "00\Basico02\Basico02.csproj", "{783430CB-97F1-42E2-999C-0E24EEB49771}"
EndProject
Project("{9A19103F-16F7-4668-BE54-9A1E7A4F7556}") = "Basico03", "00\Basico03\Basico03.csproj", "{75915AC1-6717-436C-9109-761BFEB63EEC}"
EndProject
Project("{9A19103F-16F7-4668-BE54-9A1E7A4F7556}") = "Basico03.Test", "00\Basico03.Test\Basico03.Test.csproj", "{BEC1B6B8-9CD4-4FFF-9787-F32C1FC6BCF1}"
EndProject
Project("{9A19103F-16F7-4668-BE54-9A1E7A4F7556}") = "Data", "00\Data\Data.csproj", "{73A60091-8EF4-4DF4-815C-8C8D7C3B190A}"
EndProject
Project("{9A19103F-16F7-4668-BE54-9A1E7A4F7556}") = "Data.Tests", "00\Data.Tests\Data.Tests.csproj", "{01DA8851-80E4-47A9-B6C0-DAEDFFEE942E}"
EndProject
Project("{9A19103F-16F7-4668-BE54-9A1E7A4F7556}") = "Basico02.Test", "Basico02.Test\Basico02.Test.csproj", "{622EEE63-E401-4C18-BDCA-DDC04AF7CB44}"
EndProject
Project("{2150E333-8FDC-42A3-9474-1A3956D46DE8}") = "02", "02", "{9C78B1F2-1F37-4056-83BF-F9FC02634987}"
EndProject
Project("{FAE04EC0-301F-11D3-BF4B-00C04F79EFBC}") = "WpfAppInicio", "02\WpfAppInicio\WpfAppInicio.csproj", "{90198FC5-D6BE-449A-94E0-2C51667C700F}"
EndProject
Project("{2150E333-8FDC-42A3-9474-1A3956D46DE8}") = "03", "03", "{0A98C188-0848-47F4-8D6F-118C1BC60921}"
EndProject
Project("{2150E333-8FDC-42A3-9474-1A3956D46DE8}") = "Marvel", "Marvel", "{31E1C69E-92B3-4746-96D6-C002FDDEEEBB}"
EndProject
Project("{FAE04EC0-301F-11D3-BF4B-00C04F79EFBC}") = "Marvel.WPFApp", "03\Marvel\Marvel.WPFApp\Marvel.WPFApp.csproj", "{B6A8E9C5-13A1-4628-B3A8-ABDA331194EB}"
EndProject
Project("{9A19103F-16F7-4668-BE54-9A1E7A4F7556}") = "Marvel.Domain", "03\Marvel\Marvel.Domain\Marvel.Domain.csproj", "{F013D40F-63F0-4F10-9DF0-C2C7E4D84CA6}"
EndProject
Project("{2150E333-8FDC-42A3-9474-1A3956D46DE8}") = "Calculadora", "Calculadora", "{60C0D438-A970-4B8C-A229-A8C6A5917A63}"
EndProject
Project("{FAE04EC0-301F-11D3-BF4B-00C04F79EFBC}") = "Calculadora", "03\Calculadora\Calculadora.csproj", "{D3E50A35-E640-4AF0-99A3-1FFCECBB7FE6}"
EndProject
Project("{FAE04EC0-301F-11D3-BF4B-00C04F79EFBC}") = "CalculadoraNova", "CalculadoraNova\CalculadoraNova.csproj", "{8DE86A12-D4D1-436A-AD4D-493364065DA6}"
EndProject
Project("{FAE04EC0-301F-11D3-BF4B-00C04F79EFBC}") = "CalculadoraWPF", "CalculadoraWPF\CalculadoraWPF.csproj", "{914CADCC-D956-445D-B210-B358662BEA6A}"
EndProject
Project("{2150E333-8FDC-42A3-9474-1A3956D46DE8}") = "04", "04", "{2B5DBE92-23BD-4248-A007-8ECD7556AD11}"
EndProject
Project("{FAE04EC0-301F-11D3-BF4B-00C04F79EFBC}") = "ConsoleApp.Threads", "01\ConsoleApp.Threads\ConsoleApp.Threads.csproj", "{3D571243-A55C-41CA-A0E1-BDD0572270AE}"
EndProject
Project("{FAE04EC0-301F-11D3-BF4B-00C04F79EFBC}") = "ConsoleApp.EntityFramework", "04\ConsoleApp.EntityFramework\ConsoleApp.EntityFramework.csproj", "{1C940DFE-6B00-4F74-A612-6113A8356DC9}"
EndProject
Project("{9A19103F-16F7-4668-BE54-9A1E7A4F7556}") = "ConsoleApp.Reflection", "04\ConsoleApp.Reflection\ConsoleApp.Reflection.csproj", "{14B6A238-2D1F-40AD-854E-86324A8150F1}"
EndProject
Project("{9A19103F-16F7-4668-BE54-9A1E7A4F7556}") = "ConsoleApp.SQL", "04\ConsoleApp.SQL\ConsoleApp.SQL.csproj", "{18BFB51C-80D9-4A0C-831B-9203C0ACA645}"
EndProject
Project("{9A19103F-16F7-4668-BE54-9A1E7A4F7556}") = "ConsoleApp.Crypto", "04\ConsoleApp.Crypto\ConsoleApp.Crypto.csproj", "{3E750724-F829-43E0-8191-5C4CED83B094}"
EndProject
Project("{FAE04EC0-301F-11D3-BF4B-00C04F79EFBC}") = "ConsoleApp.EF", "ConsoleApp.EF\ConsoleApp.EF.csproj", "{3A11E458-C365-4BAE-BEE3-20200521B207}"
EndProject
Project("{FAE04EC0-301F-11D3-BF4B-00C04F79EFBC}") = "ConsoleApp.ExecutePS", "ConsoleApp.ExecutePS\ConsoleApp.ExecutePS.csproj", "{990EFC33-0262-4545-BDD4-E3A0C6C0FFDC}"
EndProject
Global
	GlobalSection(SolutionConfigurationPlatforms) = preSolution
		Debug|Any CPU = Debug|Any CPU
		Release|Any CPU = Release|Any CPU
	EndGlobalSection
	GlobalSection(ProjectConfigurationPlatforms) = postSolution
		{630B4DFD-1ADE-4A70-B581-02170CE5698F}.Debug|Any CPU.ActiveCfg = Debug|Any CPU
		{630B4DFD-1ADE-4A70-B581-02170CE5698F}.Debug|Any CPU.Build.0 = Debug|Any CPU
		{630B4DFD-1ADE-4A70-B581-02170CE5698F}.Release|Any CPU.ActiveCfg = Release|Any CPU
		{630B4DFD-1ADE-4A70-B581-02170CE5698F}.Release|Any CPU.Build.0 = Release|Any CPU
		{D7E409EC-D9E7-422D-9490-B29BC2A68D7F}.Debug|Any CPU.ActiveCfg = Debug|Any CPU
		{D7E409EC-D9E7-422D-9490-B29BC2A68D7F}.Debug|Any CPU.Build.0 = Debug|Any CPU
		{D7E409EC-D9E7-422D-9490-B29BC2A68D7F}.Release|Any CPU.ActiveCfg = Release|Any CPU
		{D7E409EC-D9E7-422D-9490-B29BC2A68D7F}.Release|Any CPU.Build.0 = Release|Any CPU
		{DA714859-F179-422D-8562-18853727A625}.Debug|Any CPU.ActiveCfg = Debug|Any CPU
		{DA714859-F179-422D-8562-18853727A625}.Debug|Any CPU.Build.0 = Debug|Any CPU
		{DA714859-F179-422D-8562-18853727A625}.Release|Any CPU.ActiveCfg = Release|Any CPU
		{DA714859-F179-422D-8562-18853727A625}.Release|Any CPU.Build.0 = Release|Any CPU
		{970B6885-C8F2-4634-A274-9ADF79482649}.Debug|Any CPU.ActiveCfg = Debug|Any CPU
		{970B6885-C8F2-4634-A274-9ADF79482649}.Debug|Any CPU.Build.0 = Debug|Any CPU
		{970B6885-C8F2-4634-A274-9ADF79482649}.Release|Any CPU.ActiveCfg = Release|Any CPU
		{970B6885-C8F2-4634-A274-9ADF79482649}.Release|Any CPU.Build.0 = Release|Any CPU
		{175849EA-E69A-4707-8139-A739AF56DC5E}.Debug|Any CPU.ActiveCfg = Debug|Any CPU
		{175849EA-E69A-4707-8139-A739AF56DC5E}.Debug|Any CPU.Build.0 = Debug|Any CPU
		{175849EA-E69A-4707-8139-A739AF56DC5E}.Release|Any CPU.ActiveCfg = Release|Any CPU
		{175849EA-E69A-4707-8139-A739AF56DC5E}.Release|Any CPU.Build.0 = Release|Any CPU
		{99EA45EF-0506-4974-9F0B-67D6C382896F}.Debug|Any CPU.ActiveCfg = Debug|Any CPU
		{99EA45EF-0506-4974-9F0B-67D6C382896F}.Debug|Any CPU.Build.0 = Debug|Any CPU
		{99EA45EF-0506-4974-9F0B-67D6C382896F}.Release|Any CPU.ActiveCfg = Release|Any CPU
		{99EA45EF-0506-4974-9F0B-67D6C382896F}.Release|Any CPU.Build.0 = Release|Any CPU
		{783430CB-97F1-42E2-999C-0E24EEB49771}.Debug|Any CPU.ActiveCfg = Debug|Any CPU
		{783430CB-97F1-42E2-999C-0E24EEB49771}.Debug|Any CPU.Build.0 = Debug|Any CPU
		{783430CB-97F1-42E2-999C-0E24EEB49771}.Release|Any CPU.ActiveCfg = Release|Any CPU
		{783430CB-97F1-42E2-999C-0E24EEB49771}.Release|Any CPU.Build.0 = Release|Any CPU
		{75915AC1-6717-436C-9109-761BFEB63EEC}.Debug|Any CPU.ActiveCfg = Debug|Any CPU
		{75915AC1-6717-436C-9109-761BFEB63EEC}.Debug|Any CPU.Build.0 = Debug|Any CPU
		{75915AC1-6717-436C-9109-761BFEB63EEC}.Release|Any CPU.ActiveCfg = Release|Any CPU
		{75915AC1-6717-436C-9109-761BFEB63EEC}.Release|Any CPU.Build.0 = Release|Any CPU
		{BEC1B6B8-9CD4-4FFF-9787-F32C1FC6BCF1}.Debug|Any CPU.ActiveCfg = Debug|Any CPU
		{BEC1B6B8-9CD4-4FFF-9787-F32C1FC6BCF1}.Debug|Any CPU.Build.0 = Debug|Any CPU
		{BEC1B6B8-9CD4-4FFF-9787-F32C1FC6BCF1}.Release|Any CPU.ActiveCfg = Release|Any CPU
		{BEC1B6B8-9CD4-4FFF-9787-F32C1FC6BCF1}.Release|Any CPU.Build.0 = Release|Any CPU
		{73A60091-8EF4-4DF4-815C-8C8D7C3B190A}.Debug|Any CPU.ActiveCfg = Debug|Any CPU
		{73A60091-8EF4-4DF4-815C-8C8D7C3B190A}.Debug|Any CPU.Build.0 = Debug|Any CPU
		{73A60091-8EF4-4DF4-815C-8C8D7C3B190A}.Release|Any CPU.ActiveCfg = Release|Any CPU
		{73A60091-8EF4-4DF4-815C-8C8D7C3B190A}.Release|Any CPU.Build.0 = Release|Any CPU
		{01DA8851-80E4-47A9-B6C0-DAEDFFEE942E}.Debug|Any CPU.ActiveCfg = Debug|Any CPU
		{01DA8851-80E4-47A9-B6C0-DAEDFFEE942E}.Debug|Any CPU.Build.0 = Debug|Any CPU
		{01DA8851-80E4-47A9-B6C0-DAEDFFEE942E}.Release|Any CPU.ActiveCfg = Release|Any CPU
		{01DA8851-80E4-47A9-B6C0-DAEDFFEE942E}.Release|Any CPU.Build.0 = Release|Any CPU
		{622EEE63-E401-4C18-BDCA-DDC04AF7CB44}.Debug|Any CPU.ActiveCfg = Debug|Any CPU
		{622EEE63-E401-4C18-BDCA-DDC04AF7CB44}.Debug|Any CPU.Build.0 = Debug|Any CPU
		{622EEE63-E401-4C18-BDCA-DDC04AF7CB44}.Release|Any CPU.ActiveCfg = Release|Any CPU
		{622EEE63-E401-4C18-BDCA-DDC04AF7CB44}.Release|Any CPU.Build.0 = Release|Any CPU
		{90198FC5-D6BE-449A-94E0-2C51667C700F}.Debug|Any CPU.ActiveCfg = Debug|Any CPU
		{90198FC5-D6BE-449A-94E0-2C51667C700F}.Debug|Any CPU.Build.0 = Debug|Any CPU
		{90198FC5-D6BE-449A-94E0-2C51667C700F}.Release|Any CPU.ActiveCfg = Release|Any CPU
		{90198FC5-D6BE-449A-94E0-2C51667C700F}.Release|Any CPU.Build.0 = Release|Any CPU
		{B6A8E9C5-13A1-4628-B3A8-ABDA331194EB}.Debug|Any CPU.ActiveCfg = Debug|Any CPU
		{B6A8E9C5-13A1-4628-B3A8-ABDA331194EB}.Debug|Any CPU.Build.0 = Debug|Any CPU
		{B6A8E9C5-13A1-4628-B3A8-ABDA331194EB}.Release|Any CPU.ActiveCfg = Release|Any CPU
		{B6A8E9C5-13A1-4628-B3A8-ABDA331194EB}.Release|Any CPU.Build.0 = Release|Any CPU
		{F013D40F-63F0-4F10-9DF0-C2C7E4D84CA6}.Debug|Any CPU.ActiveCfg = Debug|Any CPU
		{F013D40F-63F0-4F10-9DF0-C2C7E4D84CA6}.Debug|Any CPU.Build.0 = Debug|Any CPU
		{F013D40F-63F0-4F10-9DF0-C2C7E4D84CA6}.Release|Any CPU.ActiveCfg = Release|Any CPU
		{F013D40F-63F0-4F10-9DF0-C2C7E4D84CA6}.Release|Any CPU.Build.0 = Release|Any CPU
		{D3E50A35-E640-4AF0-99A3-1FFCECBB7FE6}.Debug|Any CPU.ActiveCfg = Debug|Any CPU
		{D3E50A35-E640-4AF0-99A3-1FFCECBB7FE6}.Debug|Any CPU.Build.0 = Debug|Any CPU
		{D3E50A35-E640-4AF0-99A3-1FFCECBB7FE6}.Release|Any CPU.ActiveCfg = Release|Any CPU
		{D3E50A35-E640-4AF0-99A3-1FFCECBB7FE6}.Release|Any CPU.Build.0 = Release|Any CPU
		{8DE86A12-D4D1-436A-AD4D-493364065DA6}.Debug|Any CPU.ActiveCfg = Debug|Any CPU
		{8DE86A12-D4D1-436A-AD4D-493364065DA6}.Debug|Any CPU.Build.0 = Debug|Any CPU
		{8DE86A12-D4D1-436A-AD4D-493364065DA6}.Release|Any CPU.ActiveCfg = Release|Any CPU
		{8DE86A12-D4D1-436A-AD4D-493364065DA6}.Release|Any CPU.Build.0 = Release|Any CPU
		{914CADCC-D956-445D-B210-B358662BEA6A}.Debug|Any CPU.ActiveCfg = Debug|Any CPU
		{914CADCC-D956-445D-B210-B358662BEA6A}.Debug|Any CPU.Build.0 = Debug|Any CPU
		{914CADCC-D956-445D-B210-B358662BEA6A}.Release|Any CPU.ActiveCfg = Release|Any CPU
		{914CADCC-D956-445D-B210-B358662BEA6A}.Release|Any CPU.Build.0 = Release|Any CPU
		{3D571243-A55C-41CA-A0E1-BDD0572270AE}.Debug|Any CPU.ActiveCfg = Debug|Any CPU
		{3D571243-A55C-41CA-A0E1-BDD0572270AE}.Debug|Any CPU.Build.0 = Debug|Any CPU
		{3D571243-A55C-41CA-A0E1-BDD0572270AE}.Release|Any CPU.ActiveCfg = Release|Any CPU
		{3D571243-A55C-41CA-A0E1-BDD0572270AE}.Release|Any CPU.Build.0 = Release|Any CPU
		{1C940DFE-6B00-4F74-A612-6113A8356DC9}.Debug|Any CPU.ActiveCfg = Debug|Any CPU
		{1C940DFE-6B00-4F74-A612-6113A8356DC9}.Debug|Any CPU.Build.0 = Debug|Any CPU
		{1C940DFE-6B00-4F74-A612-6113A8356DC9}.Release|Any CPU.ActiveCfg = Release|Any CPU
		{1C940DFE-6B00-4F74-A612-6113A8356DC9}.Release|Any CPU.Build.0 = Release|Any CPU
		{14B6A238-2D1F-40AD-854E-86324A8150F1}.Debug|Any CPU.ActiveCfg = Debug|Any CPU
		{14B6A238-2D1F-40AD-854E-86324A8150F1}.Debug|Any CPU.Build.0 = Debug|Any CPU
		{14B6A238-2D1F-40AD-854E-86324A8150F1}.Release|Any CPU.ActiveCfg = Release|Any CPU
		{14B6A238-2D1F-40AD-854E-86324A8150F1}.Release|Any CPU.Build.0 = Release|Any CPU
		{18BFB51C-80D9-4A0C-831B-9203C0ACA645}.Debug|Any CPU.ActiveCfg = Debug|Any CPU
		{18BFB51C-80D9-4A0C-831B-9203C0ACA645}.Debug|Any CPU.Build.0 = Debug|Any CPU
		{18BFB51C-80D9-4A0C-831B-9203C0ACA645}.Release|Any CPU.ActiveCfg = Release|Any CPU
		{18BFB51C-80D9-4A0C-831B-9203C0ACA645}.Release|Any CPU.Build.0 = Release|Any CPU
		{3E750724-F829-43E0-8191-5C4CED83B094}.Debug|Any CPU.ActiveCfg = Debug|Any CPU
		{3E750724-F829-43E0-8191-5C4CED83B094}.Debug|Any CPU.Build.0 = Debug|Any CPU
		{3E750724-F829-43E0-8191-5C4CED83B094}.Release|Any CPU.ActiveCfg = Release|Any CPU
		{3E750724-F829-43E0-8191-5C4CED83B094}.Release|Any CPU.Build.0 = Release|Any CPU
		{3A11E458-C365-4BAE-BEE3-20200521B207}.Debug|Any CPU.ActiveCfg = Debug|Any CPU
		{3A11E458-C365-4BAE-BEE3-20200521B207}.Debug|Any CPU.Build.0 = Debug|Any CPU
		{3A11E458-C365-4BAE-BEE3-20200521B207}.Release|Any CPU.ActiveCfg = Release|Any CPU
		{3A11E458-C365-4BAE-BEE3-20200521B207}.Release|Any CPU.Build.0 = Release|Any CPU
		{990EFC33-0262-4545-BDD4-E3A0C6C0FFDC}.Debug|Any CPU.ActiveCfg = Debug|Any CPU
		{990EFC33-0262-4545-BDD4-E3A0C6C0FFDC}.Debug|Any CPU.Build.0 = Debug|Any CPU
		{990EFC33-0262-4545-BDD4-E3A0C6C0FFDC}.Release|Any CPU.ActiveCfg = Release|Any CPU
		{990EFC33-0262-4545-BDD4-E3A0C6C0FFDC}.Release|Any CPU.Build.0 = Release|Any CPU
	EndGlobalSection
	GlobalSection(SolutionProperties) = preSolution
		HideSolutionNode = FALSE
	EndGlobalSection
	GlobalSection(NestedProjects) = preSolution
		{630B4DFD-1ADE-4A70-B581-02170CE5698F} = {D0BC88A1-91D3-49CD-A1CB-EFF8D4A3CFC3}
		{D7E409EC-D9E7-422D-9490-B29BC2A68D7F} = {D0BC88A1-91D3-49CD-A1CB-EFF8D4A3CFC3}
		{DA714859-F179-422D-8562-18853727A625} = {D0BC88A1-91D3-49CD-A1CB-EFF8D4A3CFC3}
		{970B6885-C8F2-4634-A274-9ADF79482649} = {D0BC88A1-91D3-49CD-A1CB-EFF8D4A3CFC3}
		{175849EA-E69A-4707-8139-A739AF56DC5E} = {D0BC88A1-91D3-49CD-A1CB-EFF8D4A3CFC3}
		{99EA45EF-0506-4974-9F0B-67D6C382896F} = {4981A353-1E91-4F1C-91F3-B1076E6BB40B}
		{783430CB-97F1-42E2-999C-0E24EEB49771} = {4981A353-1E91-4F1C-91F3-B1076E6BB40B}
		{75915AC1-6717-436C-9109-761BFEB63EEC} = {4981A353-1E91-4F1C-91F3-B1076E6BB40B}
		{BEC1B6B8-9CD4-4FFF-9787-F32C1FC6BCF1} = {4981A353-1E91-4F1C-91F3-B1076E6BB40B}
		{73A60091-8EF4-4DF4-815C-8C8D7C3B190A} = {4981A353-1E91-4F1C-91F3-B1076E6BB40B}
		{01DA8851-80E4-47A9-B6C0-DAEDFFEE942E} = {4981A353-1E91-4F1C-91F3-B1076E6BB40B}
		{622EEE63-E401-4C18-BDCA-DDC04AF7CB44} = {4981A353-1E91-4F1C-91F3-B1076E6BB40B}
		{90198FC5-D6BE-449A-94E0-2C51667C700F} = {9C78B1F2-1F37-4056-83BF-F9FC02634987}
		{31E1C69E-92B3-4746-96D6-C002FDDEEEBB} = {0A98C188-0848-47F4-8D6F-118C1BC60921}
		{B6A8E9C5-13A1-4628-B3A8-ABDA331194EB} = {31E1C69E-92B3-4746-96D6-C002FDDEEEBB}
		{F013D40F-63F0-4F10-9DF0-C2C7E4D84CA6} = {31E1C69E-92B3-4746-96D6-C002FDDEEEBB}
		{60C0D438-A970-4B8C-A229-A8C6A5917A63} = {0A98C188-0848-47F4-8D6F-118C1BC60921}
		{D3E50A35-E640-4AF0-99A3-1FFCECBB7FE6} = {60C0D438-A970-4B8C-A229-A8C6A5917A63}
		{8DE86A12-D4D1-436A-AD4D-493364065DA6} = {60C0D438-A970-4B8C-A229-A8C6A5917A63}
		{914CADCC-D956-445D-B210-B358662BEA6A} = {60C0D438-A970-4B8C-A229-A8C6A5917A63}
		{3D571243-A55C-41CA-A0E1-BDD0572270AE} = {D0BC88A1-91D3-49CD-A1CB-EFF8D4A3CFC3}
		{1C940DFE-6B00-4F74-A612-6113A8356DC9} = {2B5DBE92-23BD-4248-A007-8ECD7556AD11}
		{14B6A238-2D1F-40AD-854E-86324A8150F1} = {2B5DBE92-23BD-4248-A007-8ECD7556AD11}
		{18BFB51C-80D9-4A0C-831B-9203C0ACA645} = {2B5DBE92-23BD-4248-A007-8ECD7556AD11}
		{3E750724-F829-43E0-8191-5C4CED83B094} = {2B5DBE92-23BD-4248-A007-8ECD7556AD11}
		{3A11E458-C365-4BAE-BEE3-20200521B207} = {2B5DBE92-23BD-4248-A007-8ECD7556AD11}
		{990EFC33-0262-4545-BDD4-E3A0C6C0FFDC} = {2B5DBE92-23BD-4248-A007-8ECD7556AD11}
	EndGlobalSection
	GlobalSection(ExtensibilityGlobals) = postSolution
		SolutionGuid = {25D189C7-E3F2-4B4C-874E-1EE0C5112C5E}
	EndGlobalSection
EndGlobal
