
Microsoft Visual Studio Solution File, Format Version 12.00
# Visual Studio 15
VisualStudioVersion = 15.0.28307.852
MinimumVisualStudioVersion = 10.0.40219.1
Project("{2150E333-8FDC-42A3-9474-1A3956D46DE8}") = "01", "01", "{D0BC88A1-91D3-49CD-A1CB-EFF8D4A3CFC3}"
EndProject
Project("{9A19103F-16F7-4668-BE54-9A1E7A4F7556}") = "01-ConsoleApp", "01\01-ConsoleApp\01-ConsoleApp.csproj", "{630B4DFD-1ADE-4A70-B581-02170CE5698F}"
EndProject
Project("{9A19103F-16F7-4668-BE54-9A1E7A4F7556}") = "02-ConsoleApp-DI", "01\02-ConsoleApp-DI\02-ConsoleApp-DI.csproj", "{D7E409EC-D9E7-422D-9490-B29BC2A68D7F}"
EndProject
Project("{2150E333-8FDC-42A3-9474-1A3956D46DE8}") = "00", "00", "{4981A353-1E91-4F1C-91F3-B1076E6BB40B}"
EndProject
Project("{9A19103F-16F7-4668-BE54-9A1E7A4F7556}") = "ConsoleApp.Calculadora", "00\ConsoleApp.Calculadora\ConsoleApp.Calculadora.csproj", "{DA714859-F179-422D-8562-18853727A625}"
EndProject
Project("{9A19103F-16F7-4668-BE54-9A1E7A4F7556}") = "Calculadora.Domain", "00\Calculadora.Domain\Calculadora.Domain.csproj", "{970B6885-C8F2-4634-A274-9ADF79482649}"
EndProject
Project("{9A19103F-16F7-4668-BE54-9A1E7A4F7556}") = "ConsoleApp.Automovel", "00\ConsoleApp.Automovel\ConsoleApp.Automovel.csproj", "{175849EA-E69A-4707-8139-A739AF56DC5E}"
EndProject
Project("{9A19103F-16F7-4668-BE54-9A1E7A4F7556}") = "Basico", "00\Basico\Basico.csproj", "{99EA45EF-0506-4974-9F0B-67D6C382896F}"
EndProject
Project("{9A19103F-16F7-4668-BE54-9A1E7A4F7556}") = "Basico02", "00\Basico02\Basico02.csproj", "{783430CB-97F1-42E2-999C-0E24EEB49771}"
EndProject
Project("{9A19103F-16F7-4668-BE54-9A1E7A4F7556}") = "Basico03", "00\Basico03\Basico03.csproj", "{75915AC1-6717-436C-9109-761BFEB63EEC}"
EndProject
Project("{9A19103F-16F7-4668-BE54-9A1E7A4F7556}") = "Basico03.Test", "00\Basico03.Test\Basico03.Test.csproj", "{BEC1B6B8-9CD4-4FFF-9787-F32C1FC6BCF1}"
EndProject
Project("{9A19103F-16F7-4668-BE54-9A1E7A4F7556}") = "Data", "00\Data\Data.csproj", "{73A60091-8EF4-4DF4-815C-8C8D7C3B190A}"
EndProject
Project("{9A19103F-16F7-4668-BE54-9A1E7A4F7556}") = "Data.Tests", "00\Data.Tests\Data.Tests.csproj", "{01DA8851-80E4-47A9-B6C0-DAEDFFEE942E}"
EndProject
Project("{FAE04EC0-301F-11D3-BF4B-00C04F79EFBC}") = "Basico02.Test", "Basico02.Test\Basico02.Test.csproj", "{622EEE63-E401-4C18-BDCA-DDC04AF7CB44}"
EndProject
Project("{FAE04EC0-301F-11D3-BF4B-00C04F79EFBC}") = "Basico002.Test", "Basico002.Test\Basico002.Test.csproj", "{8FE1C314-9A8C-4FC8-9AB5-9D267B03E8D0}"
EndProject
Global
	GlobalSection(SolutionConfigurationPlatforms) = preSolution
		Debug|Any CPU = Debug|Any CPU
		Release|Any CPU = Release|Any CPU
	EndGlobalSection
	GlobalSection(ProjectConfigurationPlatforms) = postSolution
		{630B4DFD-1ADE-4A70-B581-02170CE5698F}.Debug|Any CPU.ActiveCfg = Debug|Any CPU
		{630B4DFD-1ADE-4A70-B581-02170CE5698F}.Debug|Any CPU.Build.0 = Debug|Any CPU
		{630B4DFD-1ADE-4A70-B581-02170CE5698F}.Release|Any CPU.ActiveCfg = Release|Any CPU
		{630B4DFD-1ADE-4A70-B581-02170CE5698F}.Release|Any CPU.Build.0 = Release|Any CPU
		{D7E409EC-D9E7-422D-9490-B29BC2A68D7F}.Debug|Any CPU.ActiveCfg = Debug|Any CPU
		{D7E409EC-D9E7-422D-9490-B29BC2A68D7F}.Debug|Any CPU.Build.0 = Debug|Any CPU
		{D7E409EC-D9E7-422D-9490-B29BC2A68D7F}.Release|Any CPU.ActiveCfg = Release|Any CPU
		{D7E409EC-D9E7-422D-9490-B29BC2A68D7F}.Release|Any CPU.Build.0 = Release|Any CPU
		{DA714859-F179-422D-8562-18853727A625}.Debug|Any CPU.ActiveCfg = Debug|Any CPU
		{DA714859-F179-422D-8562-18853727A625}.Debug|Any CPU.Build.0 = Debug|Any CPU
		{DA714859-F179-422D-8562-18853727A625}.Release|Any CPU.ActiveCfg = Release|Any CPU
		{DA714859-F179-422D-8562-18853727A625}.Release|Any CPU.Build.0 = Release|Any CPU
		{970B6885-C8F2-4634-A274-9ADF79482649}.Debug|Any CPU.ActiveCfg = Debug|Any CPU
		{970B6885-C8F2-4634-A274-9ADF79482649}.Debug|Any CPU.Build.0 = Debug|Any CPU
		{970B6885-C8F2-4634-A274-9ADF79482649}.Release|Any CPU.ActiveCfg = Release|Any CPU
		{970B6885-C8F2-4634-A274-9ADF79482649}.Release|Any CPU.Build.0 = Release|Any CPU
		{175849EA-E69A-4707-8139-A739AF56DC5E}.Debug|Any CPU.ActiveCfg = Debug|Any CPU
		{175849EA-E69A-4707-8139-A739AF56DC5E}.Debug|Any CPU.Build.0 = Debug|Any CPU
		{175849EA-E69A-4707-8139-A739AF56DC5E}.Release|Any CPU.ActiveCfg = Release|Any CPU
		{175849EA-E69A-4707-8139-A739AF56DC5E}.Release|Any CPU.Build.0 = Release|Any CPU
		{99EA45EF-0506-4974-9F0B-67D6C382896F}.Debug|Any CPU.ActiveCfg = Debug|Any CPU
		{99EA45EF-0506-4974-9F0B-67D6C382896F}.Debug|Any CPU.Build.0 = Debug|Any CPU
		{99EA45EF-0506-4974-9F0B-67D6C382896F}.Release|Any CPU.ActiveCfg = Release|Any CPU
		{99EA45EF-0506-4974-9F0B-67D6C382896F}.Release|Any CPU.Build.0 = Release|Any CPU
		{783430CB-97F1-42E2-999C-0E24EEB49771}.Debug|Any CPU.ActiveCfg = Debug|Any CPU
		{783430CB-97F1-42E2-999C-0E24EEB49771}.Debug|Any CPU.Build.0 = Debug|Any CPU
		{783430CB-97F1-42E2-999C-0E24EEB49771}.Release|Any CPU.ActiveCfg = Release|Any CPU
		{783430CB-97F1-42E2-999C-0E24EEB49771}.Release|Any CPU.Build.0 = Release|Any CPU
		{75915AC1-6717-436C-9109-761BFEB63EEC}.Debug|Any CPU.ActiveCfg = Debug|Any CPU
		{75915AC1-6717-436C-9109-761BFEB63EEC}.Debug|Any CPU.Build.0 = Debug|Any CPU
		{75915AC1-6717-436C-9109-761BFEB63EEC}.Release|Any CPU.ActiveCfg = Release|Any CPU
		{75915AC1-6717-436C-9109-761BFEB63EEC}.Release|Any CPU.Build.0 = Release|Any CPU
		{BEC1B6B8-9CD4-4FFF-9787-F32C1FC6BCF1}.Debug|Any CPU.ActiveCfg = Debug|Any CPU
		{BEC1B6B8-9CD4-4FFF-9787-F32C1FC6BCF1}.Debug|Any CPU.Build.0 = Debug|Any CPU
		{BEC1B6B8-9CD4-4FFF-9787-F32C1FC6BCF1}.Release|Any CPU.ActiveCfg = Release|Any CPU
		{BEC1B6B8-9CD4-4FFF-9787-F32C1FC6BCF1}.Release|Any CPU.Build.0 = Release|Any CPU
		{73A60091-8EF4-4DF4-815C-8C8D7C3B190A}.Debug|Any CPU.ActiveCfg = Debug|Any CPU
		{73A60091-8EF4-4DF4-815C-8C8D7C3B190A}.Debug|Any CPU.Build.0 = Debug|Any CPU
		{73A60091-8EF4-4DF4-815C-8C8D7C3B190A}.Release|Any CPU.ActiveCfg = Release|Any CPU
		{73A60091-8EF4-4DF4-815C-8C8D7C3B190A}.Release|Any CPU.Build.0 = Release|Any CPU
		{01DA8851-80E4-47A9-B6C0-DAEDFFEE942E}.Debug|Any CPU.ActiveCfg = Debug|Any CPU
		{01DA8851-80E4-47A9-B6C0-DAEDFFEE942E}.Debug|Any CPU.Build.0 = Debug|Any CPU
		{01DA8851-80E4-47A9-B6C0-DAEDFFEE942E}.Release|Any CPU.ActiveCfg = Release|Any CPU
		{01DA8851-80E4-47A9-B6C0-DAEDFFEE942E}.Release|Any CPU.Build.0 = Release|Any CPU
		{622EEE63-E401-4C18-BDCA-DDC04AF7CB44}.Debug|Any CPU.ActiveCfg = Debug|Any CPU
		{622EEE63-E401-4C18-BDCA-DDC04AF7CB44}.Debug|Any CPU.Build.0 = Debug|Any CPU
		{622EEE63-E401-4C18-BDCA-DDC04AF7CB44}.Release|Any CPU.ActiveCfg = Release|Any CPU
		{622EEE63-E401-4C18-BDCA-DDC04AF7CB44}.Release|Any CPU.Build.0 = Release|Any CPU
		{8FE1C314-9A8C-4FC8-9AB5-9D267B03E8D0}.Debug|Any CPU.ActiveCfg = Debug|Any CPU
		{8FE1C314-9A8C-4FC8-9AB5-9D267B03E8D0}.Debug|Any CPU.Build.0 = Debug|Any CPU
		{8FE1C314-9A8C-4FC8-9AB5-9D267B03E8D0}.Release|Any CPU.ActiveCfg = Release|Any CPU
		{8FE1C314-9A8C-4FC8-9AB5-9D267B03E8D0}.Release|Any CPU.Build.0 = Release|Any CPU
	EndGlobalSection
	GlobalSection(SolutionProperties) = preSolution
		HideSolutionNode = FALSE
	EndGlobalSection
	GlobalSection(NestedProjects) = preSolution
		{630B4DFD-1ADE-4A70-B581-02170CE5698F} = {D0BC88A1-91D3-49CD-A1CB-EFF8D4A3CFC3}
		{D7E409EC-D9E7-422D-9490-B29BC2A68D7F} = {D0BC88A1-91D3-49CD-A1CB-EFF8D4A3CFC3}
		{DA714859-F179-422D-8562-18853727A625} = {D0BC88A1-91D3-49CD-A1CB-EFF8D4A3CFC3}
		{970B6885-C8F2-4634-A274-9ADF79482649} = {D0BC88A1-91D3-49CD-A1CB-EFF8D4A3CFC3}
		{175849EA-E69A-4707-8139-A739AF56DC5E} = {D0BC88A1-91D3-49CD-A1CB-EFF8D4A3CFC3}
		{99EA45EF-0506-4974-9F0B-67D6C382896F} = {4981A353-1E91-4F1C-91F3-B1076E6BB40B}
		{783430CB-97F1-42E2-999C-0E24EEB49771} = {4981A353-1E91-4F1C-91F3-B1076E6BB40B}
		{75915AC1-6717-436C-9109-761BFEB63EEC} = {4981A353-1E91-4F1C-91F3-B1076E6BB40B}
		{BEC1B6B8-9CD4-4FFF-9787-F32C1FC6BCF1} = {4981A353-1E91-4F1C-91F3-B1076E6BB40B}
		{73A60091-8EF4-4DF4-815C-8C8D7C3B190A} = {4981A353-1E91-4F1C-91F3-B1076E6BB40B}
		{01DA8851-80E4-47A9-B6C0-DAEDFFEE942E} = {4981A353-1E91-4F1C-91F3-B1076E6BB40B}
		{622EEE63-E401-4C18-BDCA-DDC04AF7CB44} = {4981A353-1E91-4F1C-91F3-B1076E6BB40B}
		{8FE1C314-9A8C-4FC8-9AB5-9D267B03E8D0} = {4981A353-1E91-4F1C-91F3-B1076E6BB40B}
	EndGlobalSection
	GlobalSection(ExtensibilityGlobals) = postSolution
		SolutionGuid = {25D189C7-E3F2-4B4C-874E-1EE0C5112C5E}
	EndGlobalSection
EndGlobal
